
Microsoft Visual Studio Solution File, Format Version 12.00
# Visual Studio Version 16
VisualStudioVersion = 16.0.29009.5
MinimumVisualStudioVersion = 10.0.40219.1
Project("{FAE04EC0-301F-11D3-BF4B-00C04F79EFBC}") = "KartaskaIgra", "KartaskaIgra\KartaskaIgra.csproj", "{40ECC5AB-67EC-4032-BF43-CB030CD826EA}"
EndProject
Global
	GlobalSection(SolutionConfigurationPlatforms) = preSolution
		Debug|Any CPU = Debug|Any CPU
		Release|Any CPU = Release|Any CPU
	EndGlobalSection
	GlobalSection(ProjectConfigurationPlatforms) = postSolution
		{40ECC5AB-67EC-4032-BF43-CB030CD826EA}.Debug|Any CPU.ActiveCfg = Debug|Any CPU
		{40ECC5AB-67EC-4032-BF43-CB030CD826EA}.Debug|Any CPU.Build.0 = Debug|Any CPU
		{40ECC5AB-67EC-4032-BF43-CB030CD826EA}.Release|Any CPU.ActiveCfg = Release|Any CPU
		{40ECC5AB-67EC-4032-BF43-CB030CD826EA}.Release|Any CPU.Build.0 = Release|Any CPU
	EndGlobalSection
	GlobalSection(SolutionProperties) = preSolution
		HideSolutionNode = FALSE
	EndGlobalSection
	GlobalSection(ExtensibilityGlobals) = postSolution
		SolutionGuid = {EF571919-6280-41CE-BFA8-F3C2FDAA478E}
	EndGlobalSection
EndGlobal
